
Microsoft Visual Studio Solution File, Format Version 12.00
Project("{FAE04EC0-301F-11D3-BF4B-00C04F79EFBC}") = "SerializationJourney", "SerializationJourney\SerializationJourney.csproj", "{47F714C6-28D8-43BD-8A84-31716D06E9D5}"
EndProject
Project("{FAE04EC0-301F-11D3-BF4B-00C04F79EFBC}") = "SerializationJourney.SampleApi", "SerializationJourney.SampleApi\SerializationJourney.SampleApi.csproj", "{9D2FD4D8-E661-4A5D-8E28-F634537B6A6B}"
EndProject
Project("{FAE04EC0-301F-11D3-BF4B-00C04F79EFBC}") = "SerializationJourney.Benchmarks", "SerializationJourney.Benchmarks\SerializationJourney.Benchmarks.csproj", "{BA042DF9-9D23-4DF1-A0E5-858BC3A155DA}"
EndProject
Global
	GlobalSection(SolutionConfigurationPlatforms) = preSolution
		Debug|Any CPU = Debug|Any CPU
		Release|Any CPU = Release|Any CPU
	EndGlobalSection
	GlobalSection(ProjectConfigurationPlatforms) = postSolution
		{47F714C6-28D8-43BD-8A84-31716D06E9D5}.Debug|Any CPU.ActiveCfg = Debug|Any CPU
		{47F714C6-28D8-43BD-8A84-31716D06E9D5}.Debug|Any CPU.Build.0 = Debug|Any CPU
		{47F714C6-28D8-43BD-8A84-31716D06E9D5}.Release|Any CPU.ActiveCfg = Release|Any CPU
		{47F714C6-28D8-43BD-8A84-31716D06E9D5}.Release|Any CPU.Build.0 = Release|Any CPU
		{9D2FD4D8-E661-4A5D-8E28-F634537B6A6B}.Debug|Any CPU.ActiveCfg = Debug|Any CPU
		{9D2FD4D8-E661-4A5D-8E28-F634537B6A6B}.Debug|Any CPU.Build.0 = Debug|Any CPU
		{9D2FD4D8-E661-4A5D-8E28-F634537B6A6B}.Release|Any CPU.ActiveCfg = Release|Any CPU
		{9D2FD4D8-E661-4A5D-8E28-F634537B6A6B}.Release|Any CPU.Build.0 = Release|Any CPU
		{BA042DF9-9D23-4DF1-A0E5-858BC3A155DA}.Debug|Any CPU.ActiveCfg = Debug|Any CPU
		{BA042DF9-9D23-4DF1-A0E5-858BC3A155DA}.Debug|Any CPU.Build.0 = Debug|Any CPU
		{BA042DF9-9D23-4DF1-A0E5-858BC3A155DA}.Release|Any CPU.ActiveCfg = Release|Any CPU
		{BA042DF9-9D23-4DF1-A0E5-858BC3A155DA}.Release|Any CPU.Build.0 = Release|Any CPU
	EndGlobalSection
EndGlobal
